
Microsoft Visual Studio Solution File, Format Version 12.00
# Visual Studio Version 16
VisualStudioVersion = 16.0.30907.101
MinimumVisualStudioVersion = 10.0.40219.1
Project("{FAE04EC0-301F-11D3-BF4B-00C04F79EFBC}") = "OOPTest", "OOPTest\OOPTest.csproj", "{88AB24DA-4A6F-4781-A55C-7ACEA6CC0058}"
EndProject
Global
	GlobalSection(SolutionConfigurationPlatforms) = preSolution
		Debug|Any CPU = Debug|Any CPU
		Release|Any CPU = Release|Any CPU
	EndGlobalSection
	GlobalSection(ProjectConfigurationPlatforms) = postSolution
		{88AB24DA-4A6F-4781-A55C-7ACEA6CC0058}.Debug|Any CPU.ActiveCfg = Debug|Any CPU
		{88AB24DA-4A6F-4781-A55C-7ACEA6CC0058}.Debug|Any CPU.Build.0 = Debug|Any CPU
		{88AB24DA-4A6F-4781-A55C-7ACEA6CC0058}.Release|Any CPU.ActiveCfg = Release|Any CPU
		{88AB24DA-4A6F-4781-A55C-7ACEA6CC0058}.Release|Any CPU.Build.0 = Release|Any CPU
	EndGlobalSection
	GlobalSection(SolutionProperties) = preSolution
		HideSolutionNode = FALSE
	EndGlobalSection
	GlobalSection(ExtensibilityGlobals) = postSolution
		SolutionGuid = {9F6DC6F5-E184-4A14-A81C-F55F3B75B0E5}
	EndGlobalSection
EndGlobal
